github.com/atotto/clipboard v0.1.2/go.mod h1:ZY9tmq7sm5xIbd9bOK4onWV4S6X0u6GY7Vn0Yu86PYI=
github.com/chzyer/readline v0.0.0-20180603132655-2972be24d48e h1:fY5BOSpyZCqRo5OhCuC+XN+r/bBCmeuuJtjz+bCNIf8=
github.com/chzyer/readline v0.0.0-20180603132655-2972be24d48e/go.mod h1:nSuG5e5PlCu98SY8svDHJxuZscDgtXS6KTTbou5AhLI=
github.com/lucasb-eyer/go-colorful v1.0.1/go.mod h1:tLy1nWSoU0DGtxQyNRrUmb6PUiB7usbds6gd97XTXwA=
golang.org/x/crypto v0.0.0-20190320223903-b7391e95e576 h1:aUX/1G2gFSs4AsJJg2cL3HuoRhCSCz733FE5GUSuaT4=
golang.org/x/crypto v0.0.0-20190320223903-b7391e95e576/go.mod h1:djNgcEr1/C05ACkg1iLfiJU5Ep61QUkGW8qpdssI0+w=
golang.org/x/sys v0.0.0-20190215142949-d0b11bdaac8a h1:1BGLXjeY4akVXGgbC9HugT3Jv3hCI0z56oJR5vAMgBU=
golang.org/x/sys v0.0.0-20190215142949-d0b11bdaac8a/go.mod h1:STP8DvDyc/dI5b8T5hshtkjS+E42TnysNCUPdjciGhY=
gopkg.in/DATA-DOG/go-sqlmock.v1 v1.3.0/go.mod h1:OdE7CF6DbADk7lN8LIKRzRJTTZXIjtWgA5THM5lhBAw=
gopkg.in/urfave/cli.v2 v2.0.0-20180128182452-d3ae77c26ac8 h1:Ggy3mWN4l3PUFPfSG0YB3n5fVYggzysUmiUQ89SnX6Y=
gopkg.in/urfave/cli.v2 v2.0.0-20180128182452-d3ae77c26ac8/go.mod h1:cKXr3E0k4aosgycml1b5z33BVV6hai1Kh7uDgFOkbcs=
